
Microsoft Visual Studio Solution File, Format Version 12.00
# Visual Studio 2013
VisualStudioVersion = 12.0.31101.0
MinimumVisualStudioVersion = 10.0.40219.1
Project("{FAE04EC0-301F-11D3-BF4B-00C04F79EFBC}") = "PsychologicalTestSystem", "PsychologicalTestSystem\PsychologicalTestSystem.csproj", "{4E3F80D8-279E-432B-A5F8-FE1A69E45521}"
EndProject
Project("{FAE04EC0-301F-11D3-BF4B-00C04F79EFBC}") = "DesktopClient", "DesktopClient\DesktopClient.csproj", "{23F0C0B8-7CE3-4E6A-ABAC-88EB9385535A}"
EndProject
Project("{FAE04EC0-301F-11D3-BF4B-00C04F79EFBC}") = "TestLogic", "TestLogic\TestLogic.csproj", "{861935BF-44DC-4E27-954B-858A2052E544}"
EndProject
Project("{FAE04EC0-301F-11D3-BF4B-00C04F79EFBC}") = "DesktopAdministrator", "DesktopAdministrator\DesktopAdministrator.csproj", "{E1BC87C0-DEFC-45E7-A67C-80F141F940D2}"
EndProject
Project("{FAE04EC0-301F-11D3-BF4B-00C04F79EFBC}") = "DbController", "DbController\DbController.csproj", "{408B2A0D-8CC8-49FE-BD91-42D14774EA33}"
EndProject
Project("{FAE04EC0-301F-11D3-BF4B-00C04F79EFBC}") = "TcpClienLogic", "TcpClienLogic\TcpClienLogic.csproj", "{32A7EB98-3AAD-4B7F-BB5F-D06ED02D3283}"
EndProject
Project("{FAE04EC0-301F-11D3-BF4B-00C04F79EFBC}") = "TcpServerLogic", "TcpServerLogic\TcpServerLogic.csproj", "{F23970BE-F3EE-4C60-8713-6749E5734022}"
EndProject
Global
	GlobalSection(SolutionConfigurationPlatforms) = preSolution
		Debug|Any CPU = Debug|Any CPU
		Release|Any CPU = Release|Any CPU
	EndGlobalSection
	GlobalSection(ProjectConfigurationPlatforms) = postSolution
		{4E3F80D8-279E-432B-A5F8-FE1A69E45521}.Debug|Any CPU.ActiveCfg = Debug|Any CPU
		{4E3F80D8-279E-432B-A5F8-FE1A69E45521}.Debug|Any CPU.Build.0 = Debug|Any CPU
		{4E3F80D8-279E-432B-A5F8-FE1A69E45521}.Release|Any CPU.ActiveCfg = Release|Any CPU
		{4E3F80D8-279E-432B-A5F8-FE1A69E45521}.Release|Any CPU.Build.0 = Release|Any CPU
		{23F0C0B8-7CE3-4E6A-ABAC-88EB9385535A}.Debug|Any CPU.ActiveCfg = Debug|Any CPU
		{23F0C0B8-7CE3-4E6A-ABAC-88EB9385535A}.Debug|Any CPU.Build.0 = Debug|Any CPU
		{23F0C0B8-7CE3-4E6A-ABAC-88EB9385535A}.Release|Any CPU.ActiveCfg = Release|Any CPU
		{23F0C0B8-7CE3-4E6A-ABAC-88EB9385535A}.Release|Any CPU.Build.0 = Release|Any CPU
		{861935BF-44DC-4E27-954B-858A2052E544}.Debug|Any CPU.ActiveCfg = Debug|Any CPU
		{861935BF-44DC-4E27-954B-858A2052E544}.Debug|Any CPU.Build.0 = Debug|Any CPU
		{861935BF-44DC-4E27-954B-858A2052E544}.Release|Any CPU.ActiveCfg = Release|Any CPU
		{861935BF-44DC-4E27-954B-858A2052E544}.Release|Any CPU.Build.0 = Release|Any CPU
		{E1BC87C0-DEFC-45E7-A67C-80F141F940D2}.Debug|Any CPU.ActiveCfg = Debug|Any CPU
		{E1BC87C0-DEFC-45E7-A67C-80F141F940D2}.Debug|Any CPU.Build.0 = Debug|Any CPU
		{E1BC87C0-DEFC-45E7-A67C-80F141F940D2}.Release|Any CPU.ActiveCfg = Release|Any CPU
		{E1BC87C0-DEFC-45E7-A67C-80F141F940D2}.Release|Any CPU.Build.0 = Release|Any CPU
		{408B2A0D-8CC8-49FE-BD91-42D14774EA33}.Debug|Any CPU.ActiveCfg = Debug|Any CPU
		{408B2A0D-8CC8-49FE-BD91-42D14774EA33}.Debug|Any CPU.Build.0 = Debug|Any CPU
		{408B2A0D-8CC8-49FE-BD91-42D14774EA33}.Release|Any CPU.ActiveCfg = Release|Any CPU
		{408B2A0D-8CC8-49FE-BD91-42D14774EA33}.Release|Any CPU.Build.0 = Release|Any CPU
		{32A7EB98-3AAD-4B7F-BB5F-D06ED02D3283}.Debug|Any CPU.ActiveCfg = Debug|Any CPU
		{32A7EB98-3AAD-4B7F-BB5F-D06ED02D3283}.Debug|Any CPU.Build.0 = Debug|Any CPU
		{32A7EB98-3AAD-4B7F-BB5F-D06ED02D3283}.Release|Any CPU.ActiveCfg = Release|Any CPU
		{32A7EB98-3AAD-4B7F-BB5F-D06ED02D3283}.Release|Any CPU.Build.0 = Release|Any CPU
		{F23970BE-F3EE-4C60-8713-6749E5734022}.Debug|Any CPU.ActiveCfg = Debug|Any CPU
		{F23970BE-F3EE-4C60-8713-6749E5734022}.Debug|Any CPU.Build.0 = Debug|Any CPU
		{F23970BE-F3EE-4C60-8713-6749E5734022}.Release|Any CPU.ActiveCfg = Release|Any CPU
		{F23970BE-F3EE-4C60-8713-6749E5734022}.Release|Any CPU.Build.0 = Release|Any CPU
	EndGlobalSection
	GlobalSection(SolutionProperties) = preSolution
		HideSolutionNode = FALSE
	EndGlobalSection
EndGlobal
